// !$*UTF8*$!
{
	archiveVersion = 1;
	classes = {
	};
	objectVersion = 48;
	objects = {

/* Begin PBXBuildFile section */
		E33EDBB21FCFA0AE00C4A44A /* AppDelegate.m in Sources */ = {isa = PBXBuildFile; fileRef = E33EDBB11FCFA0AE00C4A44A /* AppDelegate.m */; };
		E33EDBB51FCFA0AE00C4A44A /* ViewController.m in Sources */ = {isa = PBXBuildFile; fileRef = E33EDBB41FCFA0AE00C4A44A /* ViewController.m */; };
		E33EDBB81FCFA0AE00C4A44A /* Main.storyboard in Resources */ = {isa = PBXBuildFile; fileRef = E33EDBB61FCFA0AE00C4A44A /* Main.storyboard */; };
		E33EDBBA1FCFA0AE00C4A44A /* Assets.xcassets in Resources */ = {isa = PBXBuildFile; fileRef = E33EDBB91FCFA0AE00C4A44A /* Assets.xcassets */; };
		E33EDBBD1FCFA0AE00C4A44A /* LaunchScreen.storyboard in Resources */ = {isa = PBXBuildFile; fileRef = E33EDBBB1FCFA0AE00C4A44A /* LaunchScreen.storyboard */; };
		E33EDBC01FCFA0AE00C4A44A /* main.m in Sources */ = {isa = PBXBuildFile; fileRef = E33EDBBF1FCFA0AE00C4A44A /* main.m */; };
		E33EDBC81FCFA66400C4A44A /* People.m in Sources */ = {isa = PBXBuildFile; fileRef = E33EDBC71FCFA66400C4A44A /* People.m */; };
		E33EDBCE1FCFB7D500C4A44A /* People+category.m in Sources */ = {isa = PBXBuildFile; fileRef = E33EDBCD1FCFB7D500C4A44A /* People+category.m */; };
/* End PBXBuildFile section */

/* Begin PBXFileReference section */
		E33EDBAD1FCFA0AE00C4A44A /* learnRuntime.app */ = {isa = PBXFileReference; explicitFileType = wrapper.application; includeInIndex = 0; path = learnRuntime.app; sourceTree = BUILT_PRODUCTS_DIR; };
		E33EDBB01FCFA0AE00C4A44A /* AppDelegate.h */ = {isa = PBXFileReference; lastKnownFileType = sourcecode.c.h; path = AppDelegate.h; sourceTree = "<group>"; };
		E33EDBB11FCFA0AE00C4A44A /* AppDelegate.m */ = {isa = PBXFileReference; lastKnownFileType = sourcecode.c.objc; path = AppDelegate.m; sourceTree = "<group>"; };
		E33EDBB31FCFA0AE00C4A44A /* ViewController.h */ = {isa = PBXFileReference; lastKnownFileType = sourcecode.c.h; path = ViewController.h; sourceTree = "<group>"; };
		E33EDBB41FCFA0AE00C4A44A /* ViewController.m */ = {isa = PBXFileReference; lastKnownFileType = sourcecode.c.objc; path = ViewController.m; sourceTree = "<group>"; };
		E33EDBB71FCFA0AE00C4A44A /* Base */ = {isa = PBXFileReference; lastKnownFileType = file.storyboard; name = Base; path = Base.lproj/Main.storyboard; sourceTree = "<group>"; };
		E33EDBB91FCFA0AE00C4A44A /* Assets.xcassets */ = {isa = PBXFileReference; lastKnownFileType = folder.assetcatalog; path = Assets.xcassets; sourceTree = "<group>"; };
		E33EDBBC1FCFA0AE00C4A44A /* Base */ = {isa = PBXFileReference; lastKnownFileType = file.storyboard; name = Base; path = Base.lproj/LaunchScreen.storyboard; sourceTree = "<group>"; };
		E33EDBBE1FCFA0AE00C4A44A /* Info.plist */ = {isa = PBXFileReference; lastKnownFileType = text.plist.xml; path = Info.plist; sourceTree = "<group>"; };
		E33EDBBF1FCFA0AE00C4A44A /* main.m */ = {isa = PBXFileReference; lastKnownFileType = sourcecode.c.objc; path = main.m; sourceTree = "<group>"; };
		E33EDBC61FCFA66400C4A44A /* People.h */ = {isa = PBXFileReference; lastKnownFileType = sourcecode.c.h; path = People.h; sourceTree = "<group>"; };
		E33EDBC71FCFA66400C4A44A /* People.m */ = {isa = PBXFileReference; lastKnownFileType = sourcecode.c.objc; path = People.m; sourceTree = "<group>"; };
		E33EDBCC1FCFB7D500C4A44A /* People+category.h */ = {isa = PBXFileReference; lastKnownFileType = sourcecode.c.h; path = "People+category.h"; sourceTree = "<group>"; };
		E33EDBCD1FCFB7D500C4A44A /* People+category.m */ = {isa = PBXFileReference; lastKnownFileType = sourcecode.c.objc; path = "People+category.m"; sourceTree = "<group>"; };
/* End PBXFileReference section */

/* Begin PBXFrameworksBuildPhase section */
		E33EDBAA1FCFA0AE00C4A44A /* Frameworks */ = {
			isa = PBXFrameworksBuildPhase;
			buildActionMask = 2147483647;
			files = (
			);
			runOnlyForDeploymentPostprocessing = 0;
		};
/* End PBXFrameworksBuildPhase section */

/* Begin PBXGroup section */
		E33EDBA41FCFA0AE00C4A44A = {
			isa = PBXGroup;
			children = (
				E33EDBAF1FCFA0AE00C4A44A /* learnRuntime */,
				E33EDBAE1FCFA0AE00C4A44A /* Products */,
			);
			sourceTree = "<group>";
		};
		E33EDBAE1FCFA0AE00C4A44A /* Products */ = {
			isa = PBXGroup;
			children = (
				E33EDBAD1FCFA0AE00C4A44A /* learnRuntime.app */,
			);
			name = Products;
			sourceTree = "<group>";
		};
		E33EDBAF1FCFA0AE00C4A44A /* learnRuntime */ = {
			isa = PBXGroup;
			children = (
				E33EDBB01FCFA0AE00C4A44A /* AppDelegate.h */,
				E33EDBB11FCFA0AE00C4A44A /* AppDelegate.m */,
				E33EDBB31FCFA0AE00C4A44A /* ViewController.h */,
				E33EDBB41FCFA0AE00C4A44A /* ViewController.m */,
				E33EDBC61FCFA66400C4A44A /* People.h */,
				E33EDBC71FCFA66400C4A44A /* People.m */,
				E33EDBCC1FCFB7D500C4A44A /* People+category.h */,
				E33EDBCD1FCFB7D500C4A44A /* People+category.m */,
				E33EDBB61FCFA0AE00C4A44A /* Main.storyboard */,
				E33EDBB91FCFA0AE00C4A44A /* Assets.xcassets */,
				E33EDBBB1FCFA0AE00C4A44A /* LaunchScreen.storyboard */,
				E33EDBBE1FCFA0AE00C4A44A /* Info.plist */,
				E33EDBBF1FCFA0AE00C4A44A /* main.m */,
			);
			path = learnRuntime;
			sourceTree = "<group>";
		};
/* End PBXGroup section */

/* Begin PBXNativeTarget section */
		E33EDBAC1FCFA0AE00C4A44A /* learnRuntime */ = {
			isa = PBXNativeTarget;
			buildConfigurationList = E33EDBC31FCFA0AE00C4A44A /* Build configuration list for PBXNativeTarget "learnRuntime" */;
			buildPhases = (
				E33EDBA91FCFA0AE00C4A44A /* Sources */,
				E33EDBAA1FCFA0AE00C4A44A /* Frameworks */,
				E33EDBAB1FCFA0AE00C4A44A /* Resources */,
			);
			buildRules = (
			);
			dependencies = (
			);
			name = learnRuntime;
			productName = 1211212;
			productReference = E33EDBAD1FCFA0AE00C4A44A /* learnRuntime.app */;
			productType = "com.apple.product-type.application";
		};
/* End PBXNativeTarget section */

/* Begin PBXProject section */
		E33EDBA51FCFA0AE00C4A44A /* Project object */ = {
			isa = PBXProject;
			attributes = {
				LastUpgradeCheck = 0910;
				ORGANIZATIONNAME = "blue@circle";
				TargetAttributes = {
					E33EDBAC1FCFA0AE00C4A44A = {
						CreatedOnToolsVersion = 9.1;
						ProvisioningStyle = Automatic;
					};
				};
			};
			buildConfigurationList = E33EDBA81FCFA0AE00C4A44A /* Build configuration list for PBXProject "learnRuntime" */;
			compatibilityVersion = "Xcode 8.0";
			developmentRegion = en;
			hasScannedForEncodings = 0;
			knownRegions = (
				en,
				Base,
			);
			mainGroup = E33EDBA41FCFA0AE00C4A44A;
			productRefGroup = E33EDBAE1FCFA0AE00C4A44A /* Products */;
			projectDirPath = "";
			projectRoot = "";
			targets = (
				E33EDBAC1FCFA0AE00C4A44A /* learnRuntime */,
			);
		};
/* End PBXProject section */

/* Begin PBXResourcesBuildPhase section */
		E33EDBAB1FCFA0AE00C4A44A /* Resources */ = {
			isa = PBXResourcesBuildPhase;
			buildActionMask = 2147483647;
			files = (
				E33EDBBD1FCFA0AE00C4A44A /* LaunchScreen.storyboard in Resources */,
				E33EDBBA1FCFA0AE00C4A44A /* Assets.xcassets in Resources */,
				E33EDBB81FCFA0AE00C4A44A /* Main.storyboard in Resources */,
			);
			runOnlyForDeploymentPostprocessing = 0;
		};
/* End PBXResourcesBuildPhase section */

/* Begin PBXSourcesBuildPhase section */
		E33EDBA91FCFA0AE00C4A44A /* Sources */ = {
			isa = PBXSourcesBuildPhase;
			buildActionMask = 2147483647;
			files = (
				E33EDBC81FCFA66400C4A44A /* People.m in Sources */,
				E33EDBB51FCFA0AE00C4A44A /* ViewController.m in Sources */,
				E33EDBCE1FCFB7D500C4A44A /* People+category.m in Sources */,
				E33EDBC01FCFA0AE00C4A44A /* main.m in Sources */,
				E33EDBB21FCFA0AE00C4A44A /* AppDelegate.m in Sources */,
			);
			runOnlyForDeploymentPostprocessing = 0;
		};
/* End PBXSourcesBuildPhase section */

/* Begin PBXVariantGroup section */
		E33EDBB61FCFA0AE00C4A44A /* Main.storyboard */ = {
			isa = PBXVariantGroup;
			children = (
				E33EDBB71FCFA0AE00C4A44A /* Base */,
			);
			name = Main.storyboard;
			sourceTree = "<group>";
		};
		E33EDBBB1FCFA0AE00C4A44A /* LaunchScreen.storyboard */ = {
			isa = PBXVariantGroup;
			children = (
				E33EDBBC1FCFA0AE00C4A44A /* Base */,
			);
			name = LaunchScreen.storyboard;
			sourceTree = "<group>";
		};
/* End PBXVariantGroup section */

/* Begin XCBuildConfiguration section */
		E33EDBC11FCFA0AE00C4A44A /* Debug */ = {
			isa = XCBuildConfiguration;
			buildSettings = {
				ALWAYS_SEARCH_USER_PATHS = NO;
				CLANG_ANALYZER_NONNULL = YES;
				CLANG_ANALYZER_NUMBER_OBJECT_CONVERSION = YES_AGGRESSIVE;
				CLANG_CXX_LANGUAGE_STANDARD = "gnu++14";
				CLANG_CXX_LIBRARY = "libc++";
				CLANG_ENABLE_MODULES = YES;
				CLANG_ENABLE_OBJC_ARC = YES;
				CLANG_WARN_BLOCK_CAPTURE_AUTORELEASING = YES;
				CLANG_WARN_BOOL_CONVERSION = YES;
				CLANG_WARN_COMMA = YES;
				CLANG_WARN_CONSTANT_CONVERSION = YES;
				CLANG_WARN_DIRECT_OBJC_ISA_USAGE = YES_ERROR;
				CLANG_WARN_DOCUMENTATION_COMMENTS = YES;
				CLANG_WARN_EMPTY_BODY = YES;
				CLANG_WARN_ENUM_CONVERSION = YES;
				CLANG_WARN_INFINITE_RECURSION = YES;
				CLANG_WARN_INT_CONVERSION = YES;
				CLANG_WARN_NON_LITERAL_NULL_CONVERSION = YES;
				CLANG_WARN_OBJC_LITERAL_CONVERSION = YES;
				CLANG_WARN_OBJC_ROOT_CLASS = YES_ERROR;
				CLANG_WARN_RANGE_LOOP_ANALYSIS = YES;
				CLANG_WARN_STRICT_PROTOTYPES = YES;
				CLANG_WARN_SUSPICIOUS_MOVE = YES;
				CLANG_WARN_UNGUARDED_AVAILABILITY = YES_AGGRESSIVE;
				CLANG_WARN_UNREACHABLE_CODE = YES;
				CLANG_WARN__DUPLICATE_METHOD_MATCH = YES;
				CODE_SIGN_IDENTITY = "iPhone Developer";
				COPY_PHASE_STRIP = NO;
				DEBUG_INFORMATION_FORMAT = dwarf;
				ENABLE_STRICT_OBJC_MSGSEND = YES;
				ENABLE_TESTABILITY = YES;
				GCC_C_LANGUAGE_STANDARD = gnu11;
				GCC_DYNAMIC_NO_PIC = NO;
				GCC_NO_COMMON_BLOCKS = YES;
				GCC_OPTIMIZATION_LEVEL = 0;
				GCC_PREPROCESSOR_DEFINITIONS = (
					"DEBUG=1",
					"$(inherited)",
				);
				GCC_WARN_64_TO_32_BIT_CONVERSION = YES;
				GCC_WARN_ABOUT_RETURN_TYPE = YES_ERROR;
				GCC_WARN_UNDECLARED_SELECTOR = YES;
				GCC_WARN_UNINITIALIZED_AUTOS = YES_AGGRESSIVE;
				GCC_WARN_UNUSED_FUNCTION = YES;
				GCC_WARN_UNUSED_VARIABLE = YES;
				IPHONEOS_DEPLOYMENT_TARGET = 11.1;
				MTL_ENABLE_DEBUG_INFO = YES;
				ONLY_ACTIVE_ARCH = YES;
				SDKROOT = iphoneos;
			};
			name = Debug;
		};
		E33EDBC21FCFA0AE00C4A44A /* Release */ = {
			isa = XCBuildConfiguration;
			buildSettings = {
				ALWAYS_SEARCH_USER_PATHS = NO;
				CLANG_ANALYZER_NONNULL = YES;
				CLANG_ANALYZER_NUMBER_OBJECT_CONVERSION = YES_AGGRESSIVE;
				CLANG_CXX_LANGUAGE_STANDARD = "gnu++14";
				CLANG_CXX_LIBRARY = "libc++";
				CLANG_ENABLE_MODULES = YES;
				CLANG_ENABLE_OBJC_ARC = YES;
				CLANG_WARN_BLOCK_CAPTURE_AUTORELEASING = YES;
				CLANG_WARN_BOOL_CONVERSION = YES;
				CLANG_WARN_COMMA = YES;
				CLANG_WARN_CONSTANT_CONVERSION = YES;
				CLANG_WARN_DIRECT_OBJC_ISA_USAGE = YES_ERROR;
				CLANG_WARN_DOCUMENTATION_COMMENTS = YES;
				CLANG_WARN_EMPTY_BODY = YES;
				CLANG_WARN_ENUM_CONVERSION = YES;
				CLANG_WARN_INFINITE_RECURSION = YES;
				CLANG_WARN_INT_CONVERSION = YES;
				CLANG_WARN_NON_LITERAL_NULL_CONVERSION = YES;
				CLANG_WARN_OBJC_LITERAL_CONVERSION = YES;
				CLANG_WARN_OBJC_ROOT_CLASS = YES_ERROR;
				CLANG_WARN_RANGE_LOOP_ANALYSIS = YES;
				CLANG_WARN_STRICT_PROTOTYPES = YES;
				CLANG_WARN_SUSPICIOUS_MOVE = YES;
				CLANG_WARN_UNGUARDED_AVAILABILITY = YES_AGGRESSIVE;
				CLANG_WARN_UNREACHABLE_CODE = YES;
				CLANG_WARN__DUPLICATE_METHOD_MATCH = YES;
				CODE_SIGN_IDENTITY = "iPhone Developer";
				COPY_PHASE_STRIP = NO;
				DEBUG_INFORMATION_FORMAT = "dwarf-with-dsym";
				ENABLE_NS_ASSERTIONS = NO;
				ENABLE_STRICT_OBJC_MSGSEND = YES;
				GCC_C_LANGUAGE_STANDARD = gnu11;
				GCC_NO_COMMON_BLOCKS = YES;
				GCC_WARN_64_TO_32_BIT_CONVERSION = YES;
				GCC_WARN_ABOUT_RETURN_TYPE = YES_ERROR;
				GCC_WARN_UNDECLARED_SELECTOR = YES;
				GCC_WARN_UNINITIALIZED_AUTOS = YES_AGGRESSIVE;
				GCC_WARN_UNUSED_FUNCTION = YES;
				GCC_WARN_UNUSED_VARIABLE = YES;
				IPHONEOS_DEPLOYMENT_TARGET = 11.1;
				MTL_ENABLE_DEBUG_INFO = NO;
				SDKROOT = iphoneos;
				VALIDATE_PRODUCT = YES;
			};
			name = Release;
		};
		E33EDBC41FCFA0AE00C4A44A /* Debug */ = {
			isa = XCBuildConfiguration;
			buildSettings = {
				ASSETCATALOG_COMPILER_APPICON_NAME = AppIcon;
				CODE_SIGN_STYLE = Automatic;
				DEVELOPMENT_TEAM = 48R9Z452YE;
				INFOPLIST_FILE = "$(SRCROOT)/learnRuntime/Info.plist";
				LD_RUNPATH_SEARCH_PATHS = "$(inherited) @executable_path/Frameworks";
				PRODUCT_BUNDLE_IDENTIFIER = baojian.learnruntime;
				PRODUCT_NAME = "$(TARGET_NAME)";
				TARGETED_DEVICE_FAMILY = "1,2";
			};
			name = Debug;
		};
		E33EDBC51FCFA0AE00C4A44A /* Release */ = {
			isa = XCBuildConfiguration;
			buildSettings = {
				ASSETCATALOG_COMPILER_APPICON_NAME = AppIcon;
				CODE_SIGN_STYLE = Automatic;
				DEVELOPMENT_TEAM = 48R9Z452YE;
				INFOPLIST_FILE = "$(SRCROOT)/learnRuntime/Info.plist";
				LD_RUNPATH_SEARCH_PATHS = "$(inherited) @executable_path/Frameworks";
				PRODUCT_BUNDLE_IDENTIFIER = baojian.learnruntime;
				PRODUCT_NAME = "$(TARGET_NAME)";
				TARGETED_DEVICE_FAMILY = "1,2";
			};
			name = Release;
		};
/* End XCBuildConfiguration section */

/* Begin XCConfigurationList section */
		E33EDBA81FCFA0AE00C4A44A /* Build configuration list for PBXProject "learnRuntime" */ = {
			isa = XCConfigurationList;
			buildConfigurations = (
				E33EDBC11FCFA0AE00C4A44A /* Debug */,
				E33EDBC21FCFA0AE00C4A44A /* Release */,
			);
			defaultConfigurationIsVisible = 0;
			defaultConfigurationName = Release;
		};
		E33EDBC31FCFA0AE00C4A44A /* Build configuration list for PBXNativeTarget "learnRuntime" */ = {
			isa = XCConfigurationList;
			buildConfigurations = (
				E33EDBC41FCFA0AE00C4A44A /* Debug */,
				E33EDBC51FCFA0AE00C4A44A /* Release */,
			);
			defaultConfigurationIsVisible = 0;
			defaultConfigurationName = Release;
		};
/* End XCConfigurationList section */
	};
	rootObject = E33EDBA51FCFA0AE00C4A44A /* Project object */;
}
